// !$*UTF8*$!
{
	archiveVersion = 1;
	classes = {
	};
	objectVersion = 56;
	objects = {

/* Begin PBXBuildFile section */
		A00000000000000000000001 /* BabyMuckeApp.swift in Sources */ = {isa = PBXBuildFile; fileRef = B00000000000000000000001 /* BabyMuckeApp.swift */; };
		A00000000000000000000002 /* Models.swift in Sources */ = {isa = PBXBuildFile; fileRef = B00000000000000000000002 /* Models.swift */; };
		A00000000000000000000003 /* StationStore.swift in Sources */ = {isa = PBXBuildFile; fileRef = B00000000000000000000003 /* StationStore.swift */; };
		A00000000000000000000004 /* PlaylistResolver.swift in Sources */ = {isa = PBXBuildFile; fileRef = B00000000000000000000004 /* PlaylistResolver.swift */; };
		A00000000000000000000005 /* ICYMetadataReader.swift in Sources */ = {isa = PBXBuildFile; fileRef = B00000000000000000000005 /* ICYMetadataReader.swift */; };
		A00000000000000000000006 /* SongHistory.swift in Sources */ = {isa = PBXBuildFile; fileRef = B00000000000000000000006 /* SongHistory.swift */; };
		A00000000000000000000007 /* MusicLinks.swift in Sources */ = {isa = PBXBuildFile; fileRef = B00000000000000000000007 /* MusicLinks.swift */; };
		A00000000000000000000008 /* RadioPlayer.swift in Sources */ = {isa = PBXBuildFile; fileRef = B00000000000000000000008 /* RadioPlayer.swift */; };
		A00000000000000000000009 /* BlackMidiStyle.swift in Sources */ = {isa = PBXBuildFile; fileRef = B00000000000000000000009 /* BlackMidiStyle.swift */; };
		A00000000000000000000010 /* ContentView.swift in Sources */ = {isa = PBXBuildFile; fileRef = B00000000000000000000010 /* ContentView.swift */; };
		A00000000000000000000011 /* PlayerBar.swift in Sources */ = {isa = PBXBuildFile; fileRef = B00000000000000000000011 /* PlayerBar.swift */; };
		A00000000000000000000012 /* StationListView.swift in Sources */ = {isa = PBXBuildFile; fileRef = B00000000000000000000012 /* StationListView.swift */; };
		A00000000000000000000013 /* HistoryView.swift in Sources */ = {isa = PBXBuildFile; fileRef = B00000000000000000000013 /* HistoryView.swift */; };
		A00000000000000000000014 /* Assets.xcassets in Resources */ = {isa = PBXBuildFile; fileRef = B00000000000000000000014 /* Assets.xcassets */; };
		A00000000000000000000015 /* seed-stations.example.json in Resources */ = {isa = PBXBuildFile; fileRef = B00000000000000000000015 /* seed-stations.example.json */; };
		A00000000000000000000016 /* seed-stations.json in Resources */ = {isa = PBXBuildFile; fileRef = B00000000000000000000018 /* seed-stations.json */; };
		A00000000000000000000021 /* Localizable.xcstrings in Resources */ = {isa = PBXBuildFile; fileRef = B00000000000000000000021 /* Localizable.xcstrings */; };
		A00000000000000000000031 /* SongEntrySplitTests.swift in Sources */ = {isa = PBXBuildFile; fileRef = B00000000000000000000031 /* SongEntrySplitTests.swift */; };
		A00000000000000000000032 /* MusicLinksTests.swift in Sources */ = {isa = PBXBuildFile; fileRef = B00000000000000000000032 /* MusicLinksTests.swift */; };
		A00000000000000000000033 /* PlaylistResolverTests.swift in Sources */ = {isa = PBXBuildFile; fileRef = B00000000000000000000033 /* PlaylistResolverTests.swift */; };
		A00000000000000000000034 /* ColorHexTests.swift in Sources */ = {isa = PBXBuildFile; fileRef = B00000000000000000000034 /* ColorHexTests.swift */; };
		A00000000000000000000035 /* StationDecodingTests.swift in Sources */ = {isa = PBXBuildFile; fileRef = B00000000000000000000035 /* StationDecodingTests.swift */; };
/* End PBXBuildFile section */

/* Begin PBXFileReference section */
		B00000000000000000000001 /* BabyMuckeApp.swift */ = {isa = PBXFileReference; lastKnownFileType = sourcecode.swift; path = BabyMuckeApp.swift; sourceTree = "<group>"; };
		B00000000000000000000002 /* Models.swift */ = {isa = PBXFileReference; lastKnownFileType = sourcecode.swift; path = Models.swift; sourceTree = "<group>"; };
		B00000000000000000000003 /* StationStore.swift */ = {isa = PBXFileReference; lastKnownFileType = sourcecode.swift; path = StationStore.swift; sourceTree = "<group>"; };
		B00000000000000000000004 /* PlaylistResolver.swift */ = {isa = PBXFileReference; lastKnownFileType = sourcecode.swift; path = PlaylistResolver.swift; sourceTree = "<group>"; };
		B00000000000000000000005 /* ICYMetadataReader.swift */ = {isa = PBXFileReference; lastKnownFileType = sourcecode.swift; path = ICYMetadataReader.swift; sourceTree = "<group>"; };
		B00000000000000000000006 /* SongHistory.swift */ = {isa = PBXFileReference; lastKnownFileType = sourcecode.swift; path = SongHistory.swift; sourceTree = "<group>"; };
		B00000000000000000000007 /* MusicLinks.swift */ = {isa = PBXFileReference; lastKnownFileType = sourcecode.swift; path = MusicLinks.swift; sourceTree = "<group>"; };
		B00000000000000000000008 /* RadioPlayer.swift */ = {isa = PBXFileReference; lastKnownFileType = sourcecode.swift; path = RadioPlayer.swift; sourceTree = "<group>"; };
		B00000000000000000000009 /* BlackMidiStyle.swift */ = {isa = PBXFileReference; lastKnownFileType = sourcecode.swift; path = BlackMidiStyle.swift; sourceTree = "<group>"; };
		B00000000000000000000010 /* ContentView.swift */ = {isa = PBXFileReference; lastKnownFileType = sourcecode.swift; path = ContentView.swift; sourceTree = "<group>"; };
		B00000000000000000000011 /* PlayerBar.swift */ = {isa = PBXFileReference; lastKnownFileType = sourcecode.swift; path = PlayerBar.swift; sourceTree = "<group>"; };
		B00000000000000000000012 /* StationListView.swift */ = {isa = PBXFileReference; lastKnownFileType = sourcecode.swift; path = StationListView.swift; sourceTree = "<group>"; };
		B00000000000000000000013 /* HistoryView.swift */ = {isa = PBXFileReference; lastKnownFileType = sourcecode.swift; path = HistoryView.swift; sourceTree = "<group>"; };
		B00000000000000000000014 /* Assets.xcassets */ = {isa = PBXFileReference; lastKnownFileType = folder.assetcatalog; path = Assets.xcassets; sourceTree = "<group>"; };
		B00000000000000000000015 /* seed-stations.example.json */ = {isa = PBXFileReference; lastKnownFileType = text.json; path = "seed-stations.example.json"; sourceTree = "<group>"; };
		B00000000000000000000016 /* Info.plist */ = {isa = PBXFileReference; lastKnownFileType = text.plist.xml; path = Info.plist; sourceTree = "<group>"; };
		B00000000000000000000017 /* BabyMucke.app */ = {isa = PBXFileReference; explicitFileType = wrapper.application; includeInIndex = 0; path = BabyMucke.app; sourceTree = BUILT_PRODUCTS_DIR; };
		B00000000000000000000018 /* seed-stations.json */ = {isa = PBXFileReference; lastKnownFileType = text.json; path = "seed-stations.json"; sourceTree = "<group>"; };
		B00000000000000000000021 /* Localizable.xcstrings */ = {isa = PBXFileReference; lastKnownFileType = text.json.xcstrings; path = Localizable.xcstrings; sourceTree = "<group>"; };
		B00000000000000000000030 /* BabyMuckeTests.xctest */ = {isa = PBXFileReference; explicitFileType = wrapper.cfbundle; includeInIndex = 0; path = BabyMuckeTests.xctest; sourceTree = BUILT_PRODUCTS_DIR; };
		B00000000000000000000031 /* SongEntrySplitTests.swift */ = {isa = PBXFileReference; lastKnownFileType = sourcecode.swift; path = SongEntrySplitTests.swift; sourceTree = "<group>"; };
		B00000000000000000000032 /* MusicLinksTests.swift */ = {isa = PBXFileReference; lastKnownFileType = sourcecode.swift; path = MusicLinksTests.swift; sourceTree = "<group>"; };
		B00000000000000000000033 /* PlaylistResolverTests.swift */ = {isa = PBXFileReference; lastKnownFileType = sourcecode.swift; path = PlaylistResolverTests.swift; sourceTree = "<group>"; };
		B00000000000000000000034 /* ColorHexTests.swift */ = {isa = PBXFileReference; lastKnownFileType = sourcecode.swift; path = ColorHexTests.swift; sourceTree = "<group>"; };
		B00000000000000000000035 /* StationDecodingTests.swift */ = {isa = PBXFileReference; lastKnownFileType = sourcecode.swift; path = StationDecodingTests.swift; sourceTree = "<group>"; };
/* End PBXFileReference section */

/* Begin PBXFrameworksBuildPhase section */
		C00000000000000000000001 /* Frameworks */ = {
			isa = PBXFrameworksBuildPhase;
			buildActionMask = 2147483647;
			files = (
			);
			runOnlyForDeploymentPostprocessing = 0;
		};
/* End PBXFrameworksBuildPhase section */

/* Begin PBXGroup section */
		D00000000000000000000001 = {
			isa = PBXGroup;
			children = (
				D00000000000000000000002 /* BabyMucke */,
				D00000000000000000000005 /* BabyMuckeTests */,
				D00000000000000000000004 /* Products */,
			);
			sourceTree = "<group>";
		};
		D00000000000000000000002 /* BabyMucke */ = {
			isa = PBXGroup;
			children = (
				B00000000000000000000001 /* BabyMuckeApp.swift */,
				B00000000000000000000002 /* Models.swift */,
				B00000000000000000000003 /* StationStore.swift */,
				B00000000000000000000004 /* PlaylistResolver.swift */,
				B00000000000000000000005 /* ICYMetadataReader.swift */,
				B00000000000000000000006 /* SongHistory.swift */,
				B00000000000000000000007 /* MusicLinks.swift */,
				B00000000000000000000008 /* RadioPlayer.swift */,
				B00000000000000000000009 /* BlackMidiStyle.swift */,
				B00000000000000000000010 /* ContentView.swift */,
				B00000000000000000000011 /* PlayerBar.swift */,
				B00000000000000000000012 /* StationListView.swift */,
				B00000000000000000000013 /* HistoryView.swift */,
				B00000000000000000000014 /* Assets.xcassets */,
				B00000000000000000000021 /* Localizable.xcstrings */,
				D00000000000000000000003 /* Resources */,
				B00000000000000000000016 /* Info.plist */,
			);
			path = BabyMucke;
			sourceTree = "<group>";
		};
		D00000000000000000000003 /* Resources */ = {
			isa = PBXGroup;
			children = (
				B00000000000000000000018 /* seed-stations.json */,
				B00000000000000000000015 /* seed-stations.example.json */,
			);
			path = Resources;
			sourceTree = "<group>";
		};
		D00000000000000000000004 /* Products */ = {
			isa = PBXGroup;
			children = (
				B00000000000000000000017 /* BabyMucke.app */,
				B00000000000000000000030 /* BabyMuckeTests.xctest */,
			);
			name = Products;
			sourceTree = "<group>";
		};
		D00000000000000000000005 /* BabyMuckeTests */ = {
			isa = PBXGroup;
			children = (
				B00000000000000000000031 /* SongEntrySplitTests.swift */,
				B00000000000000000000032 /* MusicLinksTests.swift */,
				B00000000000000000000033 /* PlaylistResolverTests.swift */,
				B00000000000000000000034 /* ColorHexTests.swift */,
				B00000000000000000000035 /* StationDecodingTests.swift */,
			);
			path = BabyMuckeTests;
			sourceTree = "<group>";
		};
/* End PBXGroup section */

/* Begin PBXNativeTarget section */
		E00000000000000000000001 /* BabyMucke */ = {
			isa = PBXNativeTarget;
			buildConfigurationList = F00000000000000000000003 /* Build configuration list for PBXNativeTarget "BabyMucke" */;
			buildPhases = (
				G00000000000000000000001 /* Sources */,
				C00000000000000000000001 /* Frameworks */,
				G00000000000000000000002 /* Resources */,
			);
			buildRules = (
			);
			dependencies = (
			);
			name = BabyMucke;
			productName = BabyMucke;
			productReference = B00000000000000000000017 /* BabyMucke.app */;
			productType = "com.apple.product-type.application";
		};
		E00000000000000000000003 /* BabyMuckeTests */ = {
			isa = PBXNativeTarget;
			buildConfigurationList = F00000000000000000000010 /* Build configuration list for PBXNativeTarget "BabyMuckeTests" */;
			buildPhases = (
				G00000000000000000000003 /* Sources */,
			);
			buildRules = (
			);
			dependencies = (
				H00000000000000000000001 /* PBXTargetDependency */,
			);
			name = BabyMuckeTests;
			productName = BabyMuckeTests;
			productReference = B00000000000000000000030 /* BabyMuckeTests.xctest */;
			productType = "com.apple.product-type.bundle.unit-test";
		};
/* End PBXNativeTarget section */

/* Begin PBXProject section */
		E00000000000000000000002 /* Project object */ = {
			isa = PBXProject;
			attributes = {
				BuildIndependentTargetsInParallel = 1;
				LastSwiftUpdateCheck = 2600;
				LastUpgradeCheck = 2600;
				TargetAttributes = {
					E00000000000000000000001 = {
						CreatedOnToolsVersion = 26.5;
					};
					E00000000000000000000003 = {
						CreatedOnToolsVersion = 26.5;
						TestTargetID = E00000000000000000000001;
					};
				};
			};
			buildConfigurationList = F00000000000000000000001 /* Build configuration list for PBXProject "BabyMucke" */;
			compatibilityVersion = "Xcode 14.0";
			developmentRegion = de;
			hasScannedForEncodings = 0;
			knownRegions = (
				de,
				en,
				Base,
			);
			mainGroup = D00000000000000000000001;
			productRefGroup = D00000000000000000000004 /* Products */;
			projectDirPath = "";
			projectRoot = "";
			targets = (
				E00000000000000000000001 /* BabyMucke */,
				E00000000000000000000003 /* BabyMuckeTests */,
			);
		};
/* End PBXProject section */

/* Begin PBXResourcesBuildPhase section */
		G00000000000000000000002 /* Resources */ = {
			isa = PBXResourcesBuildPhase;
			buildActionMask = 2147483647;
			files = (
				A00000000000000000000014 /* Assets.xcassets in Resources */,
				A00000000000000000000016 /* seed-stations.json in Resources */,
				A00000000000000000000015 /* seed-stations.example.json in Resources */,
				A00000000000000000000021 /* Localizable.xcstrings in Resources */,
			);
			runOnlyForDeploymentPostprocessing = 0;
		};
/* End PBXResourcesBuildPhase section */

/* Begin PBXSourcesBuildPhase section */
		G00000000000000000000001 /* Sources */ = {
			isa = PBXSourcesBuildPhase;
			buildActionMask = 2147483647;
			files = (
				A00000000000000000000001 /* BabyMuckeApp.swift in Sources */,
				A00000000000000000000002 /* Models.swift in Sources */,
				A00000000000000000000003 /* StationStore.swift in Sources */,
				A00000000000000000000004 /* PlaylistResolver.swift in Sources */,
				A00000000000000000000005 /* ICYMetadataReader.swift in Sources */,
				A00000000000000000000006 /* SongHistory.swift in Sources */,
				A00000000000000000000007 /* MusicLinks.swift in Sources */,
				A00000000000000000000008 /* RadioPlayer.swift in Sources */,
				A00000000000000000000009 /* BlackMidiStyle.swift in Sources */,
				A00000000000000000000010 /* ContentView.swift in Sources */,
				A00000000000000000000011 /* PlayerBar.swift in Sources */,
				A00000000000000000000012 /* StationListView.swift in Sources */,
				A00000000000000000000013 /* HistoryView.swift in Sources */,
			);
			runOnlyForDeploymentPostprocessing = 0;
		};
		G00000000000000000000003 /* Sources */ = {
			isa = PBXSourcesBuildPhase;
			buildActionMask = 2147483647;
			files = (
				A00000000000000000000031 /* SongEntrySplitTests.swift in Sources */,
				A00000000000000000000032 /* MusicLinksTests.swift in Sources */,
				A00000000000000000000033 /* PlaylistResolverTests.swift in Sources */,
				A00000000000000000000034 /* ColorHexTests.swift in Sources */,
				A00000000000000000000035 /* StationDecodingTests.swift in Sources */,
			);
			runOnlyForDeploymentPostprocessing = 0;
		};
/* End PBXSourcesBuildPhase section */

/* Begin PBXTargetDependency section */
		H00000000000000000000001 /* PBXTargetDependency */ = {
			isa = PBXTargetDependency;
			target = E00000000000000000000001 /* BabyMucke */;
			targetProxy = I00000000000000000000001 /* PBXContainerItemProxy */;
		};
/* End PBXTargetDependency section */

/* Begin PBXContainerItemProxy section */
		I00000000000000000000001 /* PBXContainerItemProxy */ = {
			isa = PBXContainerItemProxy;
			containerPortal = E00000000000000000000002 /* Project object */;
			proxyType = 1;
			remoteGlobalIDString = E00000000000000000000001;
			remoteInfo = BabyMucke;
		};
/* End PBXContainerItemProxy section */

/* Begin XCBuildConfiguration section */
		F00000000000000000000004 /* Debug */ = {
			isa = XCBuildConfiguration;
			buildSettings = {
				ASSETCATALOG_COMPILER_APPICON_NAME = AppIcon;
				ASSETCATALOG_COMPILER_GLOBAL_ACCENT_COLOR_NAME = AccentColor;
				CODE_SIGN_STYLE = Automatic;
				CURRENT_PROJECT_VERSION = 12;
				DEVELOPMENT_TEAM = "";
				ENABLE_PREVIEWS = YES;
				GENERATE_INFOPLIST_FILE = NO;
				INFOPLIST_FILE = BabyMucke/Info.plist;
				IPHONEOS_DEPLOYMENT_TARGET = 17.0;
				MARKETING_VERSION = 0.1.11;
				PRODUCT_BUNDLE_IDENTIFIER = de.babymucke.BabyMucke;
				PRODUCT_BUNDLE_PACKAGE_TYPE = APPL;
				PRODUCT_NAME = BabyMucke;
				SDKROOT = iphoneos;
				SUPPORTED_PLATFORMS = "iphoneos iphonesimulator";
				SUPPORTS_MACCATALYST = NO;
				SUPPORTS_MAC_DESIGNED_FOR_IPHONE_IPAD = NO;
				SWIFT_EMIT_LOC_STRINGS = YES;
				SWIFT_VERSION = 5.0;
				TARGETED_DEVICE_FAMILY = 1;
			};
			name = Debug;
		};
		F00000000000000000000005 /* Release */ = {
			isa = XCBuildConfiguration;
			buildSettings = {
				ASSETCATALOG_COMPILER_APPICON_NAME = AppIcon;
				ASSETCATALOG_COMPILER_GLOBAL_ACCENT_COLOR_NAME = AccentColor;
				CODE_SIGN_STYLE = Automatic;
				CURRENT_PROJECT_VERSION = 12;
				DEVELOPMENT_TEAM = "";
				ENABLE_PREVIEWS = YES;
				GENERATE_INFOPLIST_FILE = NO;
				INFOPLIST_FILE = BabyMucke/Info.plist;
				IPHONEOS_DEPLOYMENT_TARGET = 17.0;
				MARKETING_VERSION = 0.1.11;
				PRODUCT_BUNDLE_IDENTIFIER = de.babymucke.BabyMucke;
				PRODUCT_BUNDLE_PACKAGE_TYPE = APPL;
				PRODUCT_NAME = BabyMucke;
				SDKROOT = iphoneos;
				SUPPORTED_PLATFORMS = "iphoneos iphonesimulator";
				SUPPORTS_MACCATALYST = NO;
				SUPPORTS_MAC_DESIGNED_FOR_IPHONE_IPAD = NO;
				SWIFT_EMIT_LOC_STRINGS = YES;
				SWIFT_VERSION = 5.0;
				TARGETED_DEVICE_FAMILY = 1;
			};
			name = Release;
		};
		F00000000000000000000006 /* Debug */ = {
			isa = XCBuildConfiguration;
			buildSettings = {
				ALWAYS_SEARCH_USER_PATHS = NO;
				CLANG_ANALYZER_NONNULL = YES;
				CLANG_ANALYZER_NUMBER_OBJECT_CONVERSION = YES_AGGRESSIVE;
				CLANG_CXX_LANGUAGE_STANDARD = "gnu++20";
				CLANG_ENABLE_MODULES = YES;
				CLANG_ENABLE_OBJC_ARC = YES;
				CLANG_ENABLE_OBJC_WEAK = YES;
				CLANG_WARN_BLOCK_CAPTURE_AUTORELEASING = YES;
				CLANG_WARN_BOOL_CONVERSION = YES;
				CLANG_WARN_COMMA = YES;
				CLANG_WARN_CONSTANT_CONVERSION = YES;
				CLANG_WARN_DEPRECATED_OBJC_IMPLEMENTATIONS = YES;
				CLANG_WARN_DIRECT_OBJC_ISA_USAGE = YES_ERROR;
				CLANG_WARN_DOCUMENTATION_COMMENTS = YES;
				CLANG_WARN_EMPTY_BODY = YES;
				CLANG_WARN_ENUM_CONVERSION = YES;
				CLANG_WARN_INFINITE_RECURSION = YES;
				CLANG_WARN_INT_CONVERSION = YES;
				CLANG_WARN_NON_LITERAL_NULL_CONVERSION = YES;
				CLANG_WARN_OBJC_IMPLICIT_RETAIN_SELF = YES;
				CLANG_WARN_OBJC_LITERAL_CONVERSION = YES;
				CLANG_WARN_OBJC_ROOT_CLASS = YES_ERROR;
				CLANG_WARN_QUOTED_INCLUDE_IN_FRAMEWORK_HEADER = YES;
				CLANG_WARN_RANGE_LOOP_ANALYSIS = YES;
				CLANG_WARN_STRICT_PROTOTYPES = YES;
				CLANG_WARN_SUSPICIOUS_MOVE = YES;
				CLANG_WARN_UNGUARDED_AVAILABILITY = YES_AGGRESSIVE;
				CLANG_WARN_UNREACHABLE_CODE = YES;
				CLANG_WARN__DUPLICATE_METHOD_MATCH = YES;
				COPY_PHASE_STRIP = NO;
				DEBUG_INFORMATION_FORMAT = dwarf;
				ENABLE_STRICT_OBJC_MSGSEND = YES;
				ENABLE_TESTABILITY = YES;
				GCC_C_LANGUAGE_STANDARD = gnu17;
				GCC_DYNAMIC_NO_PIC = NO;
				GCC_NO_COMMON_BLOCKS = YES;
				GCC_OPTIMIZATION_LEVEL = 0;
				GCC_PREPROCESSOR_DEFINITIONS = (
					"DEBUG=1",
					"$(inherited)",
				);
				GCC_WARN_64_TO_32_BIT_CONVERSION = YES;
				GCC_WARN_ABOUT_RETURN_TYPE = YES_ERROR;
				GCC_WARN_UNDECLARED_SELECTOR = YES;
				GCC_WARN_UNINITIALIZED_AUTOS = YES_AGGRESSIVE;
				GCC_WARN_UNUSED_FUNCTION = YES;
				GCC_WARN_UNUSED_VARIABLE = YES;
				MTL_ENABLE_DEBUG_INFO = INCLUDE_SOURCE;
				MTL_FAST_MATH = YES;
				ONLY_ACTIVE_ARCH = YES;
				SWIFT_ACTIVE_COMPILATION_CONDITIONS = DEBUG;
				SWIFT_OPTIMIZATION_LEVEL = "-Onone";
			};
			name = Debug;
		};
		F00000000000000000000007 /* Release */ = {
			isa = XCBuildConfiguration;
			buildSettings = {
				ALWAYS_SEARCH_USER_PATHS = NO;
				CLANG_ANALYZER_NONNULL = YES;
				CLANG_ANALYZER_NUMBER_OBJECT_CONVERSION = YES_AGGRESSIVE;
				CLANG_CXX_LANGUAGE_STANDARD = "gnu++20";
				CLANG_ENABLE_MODULES = YES;
				CLANG_ENABLE_OBJC_ARC = YES;
				CLANG_ENABLE_OBJC_WEAK = YES;
				CLANG_WARN_BLOCK_CAPTURE_AUTORELEASING = YES;
				CLANG_WARN_BOOL_CONVERSION = YES;
				CLANG_WARN_COMMA = YES;
				CLANG_WARN_CONSTANT_CONVERSION = YES;
				CLANG_WARN_DEPRECATED_OBJC_IMPLEMENTATIONS = YES;
				CLANG_WARN_DIRECT_OBJC_ISA_USAGE = YES_ERROR;
				CLANG_WARN_DOCUMENTATION_COMMENTS = YES;
				CLANG_WARN_EMPTY_BODY = YES;
				CLANG_WARN_ENUM_CONVERSION = YES;
				CLANG_WARN_INFINITE_RECURSION = YES;
				CLANG_WARN_INT_CONVERSION = YES;
				CLANG_WARN_NON_LITERAL_NULL_CONVERSION = YES;
				CLANG_WARN_OBJC_IMPLICIT_RETAIN_SELF = YES;
				CLANG_WARN_OBJC_LITERAL_CONVERSION = YES;
				CLANG_WARN_OBJC_ROOT_CLASS = YES_ERROR;
				CLANG_WARN_QUOTED_INCLUDE_IN_FRAMEWORK_HEADER = YES;
				CLANG_WARN_RANGE_LOOP_ANALYSIS = YES;
				CLANG_WARN_STRICT_PROTOTYPES = YES;
				CLANG_WARN_SUSPICIOUS_MOVE = YES;
				CLANG_WARN_UNGUARDED_AVAILABILITY = YES_AGGRESSIVE;
				CLANG_WARN_UNREACHABLE_CODE = YES;
				CLANG_WARN__DUPLICATE_METHOD_MATCH = YES;
				COPY_PHASE_STRIP = NO;
				DEBUG_INFORMATION_FORMAT = "dwarf-with-dsym";
				ENABLE_NS_ASSERTIONS = NO;
				ENABLE_STRICT_OBJC_MSGSEND = YES;
				GCC_C_LANGUAGE_STANDARD = gnu17;
				GCC_NO_COMMON_BLOCKS = YES;
				GCC_WARN_64_TO_32_BIT_CONVERSION = YES;
				GCC_WARN_ABOUT_RETURN_TYPE = YES_ERROR;
				GCC_WARN_UNDECLARED_SELECTOR = YES;
				GCC_WARN_UNINITIALIZED_AUTOS = YES_AGGRESSIVE;
				GCC_WARN_UNUSED_FUNCTION = YES;
				GCC_WARN_UNUSED_VARIABLE = YES;
				MTL_ENABLE_DEBUG_INFO = NO;
				MTL_FAST_MATH = YES;
				SWIFT_COMPILATION_MODE = wholemodule;
				SWIFT_OPTIMIZATION_LEVEL = "-O";
				VALIDATE_PRODUCT = YES;
			};
			name = Release;
		};
		F00000000000000000000011 /* Debug */ = {
			isa = XCBuildConfiguration;
			buildSettings = {
				BUNDLE_LOADER = "$(TEST_HOST)";
				CODE_SIGN_STYLE = Automatic;
				CURRENT_PROJECT_VERSION = 12;
				GENERATE_INFOPLIST_FILE = YES;
				IPHONEOS_DEPLOYMENT_TARGET = 17.0;
				MARKETING_VERSION = 0.1.11;
				PRODUCT_BUNDLE_IDENTIFIER = de.babymucke.BabyMuckeTests;
				PRODUCT_NAME = "$(TARGET_NAME)";
				SDKROOT = iphoneos;
				SUPPORTED_PLATFORMS = "iphoneos iphonesimulator";
				SWIFT_EMIT_LOC_STRINGS = NO;
				SWIFT_VERSION = 5.0;
				TARGETED_DEVICE_FAMILY = 1;
				TEST_HOST = "$(BUILT_PRODUCTS_DIR)/BabyMucke.app/$(BUNDLE_EXECUTABLE_FOLDER_PATH)/BabyMucke";
			};
			name = Debug;
		};
		F00000000000000000000012 /* Release */ = {
			isa = XCBuildConfiguration;
			buildSettings = {
				BUNDLE_LOADER = "$(TEST_HOST)";
				CODE_SIGN_STYLE = Automatic;
				CURRENT_PROJECT_VERSION = 12;
				GENERATE_INFOPLIST_FILE = YES;
				IPHONEOS_DEPLOYMENT_TARGET = 17.0;
				MARKETING_VERSION = 0.1.11;
				PRODUCT_BUNDLE_IDENTIFIER = de.babymucke.BabyMuckeTests;
				PRODUCT_NAME = "$(TARGET_NAME)";
				SDKROOT = iphoneos;
				SUPPORTED_PLATFORMS = "iphoneos iphonesimulator";
				SWIFT_EMIT_LOC_STRINGS = NO;
				SWIFT_VERSION = 5.0;
				TARGETED_DEVICE_FAMILY = 1;
				TEST_HOST = "$(BUILT_PRODUCTS_DIR)/BabyMucke.app/$(BUNDLE_EXECUTABLE_FOLDER_PATH)/BabyMucke";
			};
			name = Release;
		};
/* End XCBuildConfiguration section */

/* Begin XCConfigurationList section */
		F00000000000000000000001 /* Build configuration list for PBXProject "BabyMucke" */ = {
			isa = XCConfigurationList;
			buildConfigurations = (
				F00000000000000000000006 /* Debug */,
				F00000000000000000000007 /* Release */,
			);
			defaultConfigurationIsVisible = 0;
			defaultConfigurationName = Release;
		};
		F00000000000000000000003 /* Build configuration list for PBXNativeTarget "BabyMucke" */ = {
			isa = XCConfigurationList;
			buildConfigurations = (
				F00000000000000000000004 /* Debug */,
				F00000000000000000000005 /* Release */,
			);
			defaultConfigurationIsVisible = 0;
			defaultConfigurationName = Release;
		};
		F00000000000000000000010 /* Build configuration list for PBXNativeTarget "BabyMuckeTests" */ = {
			isa = XCConfigurationList;
			buildConfigurations = (
				F00000000000000000000011 /* Debug */,
				F00000000000000000000012 /* Release */,
			);
			defaultConfigurationIsVisible = 0;
			defaultConfigurationName = Release;
		};
/* End XCConfigurationList section */
	};
	rootObject = E00000000000000000000002 /* Project object */;
}
